
Microsoft Visual Studio Solution File, Format Version 12.00
# Visual Studio Version 17
VisualStudioVersion = 17.7.34031.279
MinimumVisualStudioVersion = 10.0.40219.1
Project("{FAE04EC0-301F-11D3-BF4B-00C04F79EFBC}") = "Reference Parameter", "ConsoleApp1\Reference Parameter.csproj", "{6E5947B5-F57A-49CD-B1E6-562EA1027204}"
EndProject
Global
	GlobalSection(SolutionConfigurationPlatforms) = preSolution
		Debug|Any CPU = Debug|Any CPU
		Release|Any CPU = Release|Any CPU
	EndGlobalSection
	GlobalSection(ProjectConfigurationPlatforms) = postSolution
		{6E5947B5-F57A-49CD-B1E6-562EA1027204}.Debug|Any CPU.ActiveCfg = Debug|Any CPU
		{6E5947B5-F57A-49CD-B1E6-562EA1027204}.Debug|Any CPU.Build.0 = Debug|Any CPU
		{6E5947B5-F57A-49CD-B1E6-562EA1027204}.Release|Any CPU.ActiveCfg = Release|Any CPU
		{6E5947B5-F57A-49CD-B1E6-562EA1027204}.Release|Any CPU.Build.0 = Release|Any CPU
	EndGlobalSection
	GlobalSection(SolutionProperties) = preSolution
		HideSolutionNode = FALSE
	EndGlobalSection
	GlobalSection(ExtensibilityGlobals) = postSolution
		SolutionGuid = {D2FFB5B7-6659-4461-A99D-590408B59B5D}
	EndGlobalSection
EndGlobal
